
Microsoft Visual Studio Solution File, Format Version 12.00
# Visual Studio Version 17
VisualStudioVersion = 17.4.33122.133
MinimumVisualStudioVersion = 10.0.40219.1
Project("{FAE04EC0-301F-11D3-BF4B-00C04F79EFBC}") = "DataStructure", "DataStructure.csproj", "{2752BCE2-BF30-4A72-8CE7-72C5DD41CFCC}"
EndProject
Global
	GlobalSection(SolutionConfigurationPlatforms) = preSolution
		Debug|Any CPU = Debug|Any CPU
		Release|Any CPU = Release|Any CPU
	EndGlobalSection
	GlobalSection(ProjectConfigurationPlatforms) = postSolution
		{2752BCE2-BF30-4A72-8CE7-72C5DD41CFCC}.Debug|Any CPU.ActiveCfg = Debug|Any CPU
		{2752BCE2-BF30-4A72-8CE7-72C5DD41CFCC}.Debug|Any CPU.Build.0 = Debug|Any CPU
		{2752BCE2-BF30-4A72-8CE7-72C5DD41CFCC}.Release|Any CPU.ActiveCfg = Release|Any CPU
		{2752BCE2-BF30-4A72-8CE7-72C5DD41CFCC}.Release|Any CPU.Build.0 = Release|Any CPU
	EndGlobalSection
	GlobalSection(SolutionProperties) = preSolution
		HideSolutionNode = FALSE
	EndGlobalSection
	GlobalSection(ExtensibilityGlobals) = postSolution
		SolutionGuid = {53C5540C-829B-4AD9-9124-412A63136C19}
	EndGlobalSection
EndGlobal
